
Microsoft Visual Studio Solution File, Format Version 12.00
# Visual Studio Version 17
VisualStudioVersion = 17.12.35424.110 d17.12
MinimumVisualStudioVersion = 10.0.40219.1
Project("{FAE04EC0-301F-11D3-BF4B-00C04F79EFBC}") = "WebApi", "WebApi\WebApi.csproj", "{7C384A2F-BD43-4EB7-A126-F5918381D6D6}"
EndProject
Project("{FAE04EC0-301F-11D3-BF4B-00C04F79EFBC}") = "Core", "Core\Core.csproj", "{AFAA9447-4577-41E7-A5E9-A064CAE88622}"
EndProject
Project("{FAE04EC0-301F-11D3-BF4B-00C04F79EFBC}") = "Infraestructura", "Infraestructura\Infraestructura.csproj", "{A5047039-8C2A-440A-8EDE-DC20D6C699BB}"
EndProject
Global
	GlobalSection(SolutionConfigurationPlatforms) = preSolution
		Debug|Any CPU = Debug|Any CPU
		Release|Any CPU = Release|Any CPU
	EndGlobalSection
	GlobalSection(ProjectConfigurationPlatforms) = postSolution
		{7C384A2F-BD43-4EB7-A126-F5918381D6D6}.Debug|Any CPU.ActiveCfg = Debug|Any CPU
		{7C384A2F-BD43-4EB7-A126-F5918381D6D6}.Debug|Any CPU.Build.0 = Debug|Any CPU
		{7C384A2F-BD43-4EB7-A126-F5918381D6D6}.Release|Any CPU.ActiveCfg = Release|Any CPU
		{7C384A2F-BD43-4EB7-A126-F5918381D6D6}.Release|Any CPU.Build.0 = Release|Any CPU
		{AFAA9447-4577-41E7-A5E9-A064CAE88622}.Debug|Any CPU.ActiveCfg = Debug|Any CPU
		{AFAA9447-4577-41E7-A5E9-A064CAE88622}.Debug|Any CPU.Build.0 = Debug|Any CPU
		{AFAA9447-4577-41E7-A5E9-A064CAE88622}.Release|Any CPU.ActiveCfg = Release|Any CPU
		{AFAA9447-4577-41E7-A5E9-A064CAE88622}.Release|Any CPU.Build.0 = Release|Any CPU
		{A5047039-8C2A-440A-8EDE-DC20D6C699BB}.Debug|Any CPU.ActiveCfg = Debug|Any CPU
		{A5047039-8C2A-440A-8EDE-DC20D6C699BB}.Debug|Any CPU.Build.0 = Debug|Any CPU
		{A5047039-8C2A-440A-8EDE-DC20D6C699BB}.Release|Any CPU.ActiveCfg = Release|Any CPU
		{A5047039-8C2A-440A-8EDE-DC20D6C699BB}.Release|Any CPU.Build.0 = Release|Any CPU
	EndGlobalSection
	GlobalSection(SolutionProperties) = preSolution
		HideSolutionNode = FALSE
	EndGlobalSection
EndGlobal
